Microsoft Visual Studio Solution File, Format Version 12.00
# Visual Studio Version 16
VisualStudioVersion = 16.0.29920.165
MinimumVisualStudioVersion = 15.0.26124.0

Project("{D954291E-2A0B-460D-934E-DC6B0785DB48}") = "audioboos_desktop.Shared", "audioboos_desktop.Shared\audioboos_desktop.Shared.shproj", "{6279C845-92F8-4333-AB99-3D213163593C}"
EndProject

Project("{FAE04EC0-301F-11D3-BF4B-00C04F79EFBC}") = "audioboos_desktop.Droid", "audioboos_desktop.Droid\audioboos_desktop.Droid.csproj", "{53ed2f4b-945d-4f07-8608-efcfbcdb8476}"
EndProject

Project("{FAE04EC0-301F-11D3-BF4B-00C04F79EFBC}") = "audioboos_desktop.iOS", "audioboos_desktop.iOS\audioboos_desktop.iOS.csproj", "{ed00ff65-7e2b-4069-9ba6-535ea612de13}"
EndProject

Project("{FAE04EC0-301F-11D3-BF4B-00C04F79EFBC}") = "audioboos_desktop.Uwp", "audioboos_desktop.UWP\audioboos_desktop.Uwp.csproj", "{e1c3020a-678a-4f10-8c63-e73c7c9b922b}"
EndProject

Project("{9A19103F-16F7-4668-BE54-9A1E7A4F7556}") = "audioboos_desktop.Wasm", "audioboos_desktop.Wasm\audioboos_desktop.Wasm.csproj", "{40EA03F7-8A22-4143-B251-79BAC3EB13D2}"
EndProject

Project("{FAE04EC0-301F-11D3-BF4B-00C04F79EFBC}") = "audioboos_desktop.macOS", "audioboos_desktop.macOS\audioboos_desktop.macOS.csproj", "{21b3c201-e113-4db0-a236-4110e8ee3ed4}"
EndProject

Project("{9A19103F-16F7-4668-BE54-9A1E7A4F7556}") = "audioboos_desktop.Skia.Gtk", "audioboos_desktop.Skia.Gtk\audioboos_desktop.Skia.Gtk.csproj", "{A5B8155A-118F-4794-B551-C6F3CF7E5411}"
EndProject

Project("{9A19103F-16F7-4668-BE54-9A1E7A4F7556}") = "audioboos_desktop.Skia.WPF", "audioboos_desktop.Skia.WPF\audioboos_desktop.Skia.WPF.csproj", "{c6bc22cc-e6aa-4621-a0ad-46dda61c2a31}"
EndProject
Project("{9A19103F-16F7-4668-BE54-9A1E7A4F7556}") = "audioboos_desktop.Skia.Wpf.Host", "audioboos_desktop.Skia.WPF.Host\audioboos_desktop.Skia.Wpf.Host.csproj", "{6CF284A4-22B1-4F05-97F4-F095C07A598E}"
EndProject

Project("{9A19103F-16F7-4668-BE54-9A1E7A4F7556}") = "audioboos_desktop.Skia.Tizen", "audioboos_desktop.Skia.Tizen\audioboos_desktop.Skia.Tizen.csproj", "{9AED22A6-77DC-4799-BAE7-5F26F2070BD2}"
EndProject

Global
	GlobalSection(SharedMSBuildProjectFiles) = preSolution
		audioboos_desktop.Shared\audioboos_desktop.Shared.projitems*{53ed2f4b-945d-4f07-8608-efcfbcdb8476}*SharedItemsImports = 4
		audioboos_desktop.Shared\audioboos_desktop.Shared.projitems*{c6bc22cc-e6aa-4621-a0ad-46dda61c2a31}*SharedItemsImports = 5
		audioboos_desktop.Shared\audioboos_desktop.Shared.projitems*{21b3c201-e113-4db0-a236-4110e8ee3ed4}*SharedItemsImports = 4
		audioboos_desktop.Shared\audioboos_desktop.Shared.projitems*{40ea03f7-8a22-4143-b251-79bac3eb13d2}*SharedItemsImports = 5
		audioboos_desktop.Shared\audioboos_desktop.Shared.projitems*{a5b8155a-118f-4794-b551-c6f3cf7e5411}*SharedItemsImports = 5
		audioboos_desktop.Shared\audioboos_desktop.Shared.projitems*{ed00ff65-7e2b-4069-9ba6-535ea612de13}*SharedItemsImports = 4
		audioboos_desktop.Shared\audioboos_desktop.Shared.projitems*{6279c845-92f8-4333-ab99-3d213163593c}*SharedItemsImports = 13
		audioboos_desktop.Shared\audioboos_desktop.Shared.projitems*{e1c3020a-678a-4f10-8c63-e73c7c9b922b}*SharedItemsImports = 4
	EndGlobalSection
	GlobalSection(SolutionConfigurationPlatforms) = preSolution
		Debug|Any CPU = Debug|Any CPU
		Debug|ARM = Debug|ARM
		Debug|ARM64 = Debug|ARM64
		Debug|iPhone = Debug|iPhone
		Debug|iPhoneSimulator = Debug|iPhoneSimulator
		Debug|x64 = Debug|x64
		Debug|x86 = Debug|x86
		Release|Any CPU = Release|Any CPU
		Release|ARM = Release|ARM
		Release|ARM64 = Release|ARM64
		Release|iPhone = Release|iPhone
		Release|iPhoneSimulator = Release|iPhoneSimulator
		Release|x64 = Release|x64
		Release|x86 = Release|x86
	EndGlobalSection
	GlobalSection(ProjectConfigurationPlatforms) = postSolution
		{53ed2f4b-945d-4f07-8608-efcfbcdb8476}.Debug|Any CPU.ActiveCfg = Debug|Any CPU
		{53ed2f4b-945d-4f07-8608-efcfbcdb8476}.Debug|Any CPU.Build.0 = Debug|Any CPU
		{53ed2f4b-945d-4f07-8608-efcfbcdb8476}.Debug|Any CPU.Deploy.0 = Debug|Any CPU
		{53ed2f4b-945d-4f07-8608-efcfbcdb8476}.Debug|ARM.ActiveCfg = Debug|Any CPU
		{53ed2f4b-945d-4f07-8608-efcfbcdb8476}.Debug|ARM.Build.0 = Debug|Any CPU
		{53ed2f4b-945d-4f07-8608-efcfbcdb8476}.Debug|ARM.Deploy.0 = Debug|Any CPU
		{53ed2f4b-945d-4f07-8608-efcfbcdb8476}.Debug|ARM64.ActiveCfg = Debug|Any CPU
		{53ed2f4b-945d-4f07-8608-efcfbcdb8476}.Debug|ARM64.Build.0 = Debug|Any CPU
		{53ed2f4b-945d-4f07-8608-efcfbcdb8476}.Debug|ARM64.Deploy.0 = Debug|Any CPU
		{53ed2f4b-945d-4f07-8608-efcfbcdb8476}.Debug|iPhone.ActiveCfg = Debug|Any CPU
		{53ed2f4b-945d-4f07-8608-efcfbcdb8476}.Debug|iPhone.Build.0 = Debug|Any CPU
		{53ed2f4b-945d-4f07-8608-efcfbcdb8476}.Debug|iPhone.Deploy.0 = Debug|Any CPU
		{53ed2f4b-945d-4f07-8608-efcfbcdb8476}.Debug|iPhoneSimulator.ActiveCfg = Debug|Any CPU
		{53ed2f4b-945d-4f07-8608-efcfbcdb8476}.Debug|iPhoneSimulator.Build.0 = Debug|Any CPU
		{53ed2f4b-945d-4f07-8608-efcfbcdb8476}.Debug|iPhoneSimulator.Deploy.0 = Debug|Any CPU
		{53ed2f4b-945d-4f07-8608-efcfbcdb8476}.Debug|x64.ActiveCfg = Debug|Any CPU
		{53ed2f4b-945d-4f07-8608-efcfbcdb8476}.Debug|x64.Build.0 = Debug|Any CPU
		{53ed2f4b-945d-4f07-8608-efcfbcdb8476}.Debug|x64.Deploy.0 = Debug|Any CPU
		{53ed2f4b-945d-4f07-8608-efcfbcdb8476}.Debug|x86.ActiveCfg = Debug|Any CPU
		{53ed2f4b-945d-4f07-8608-efcfbcdb8476}.Debug|x86.Build.0 = Debug|Any CPU
		{53ed2f4b-945d-4f07-8608-efcfbcdb8476}.Debug|x86.Deploy.0 = Debug|Any CPU

		{53ed2f4b-945d-4f07-8608-efcfbcdb8476}.Release|Any CPU.ActiveCfg = Release|Any CPU
		{53ed2f4b-945d-4f07-8608-efcfbcdb8476}.Release|Any CPU.Build.0 = Release|Any CPU
		{53ed2f4b-945d-4f07-8608-efcfbcdb8476}.Release|Any CPU.Deploy.0 = Release|Any CPU
		{53ed2f4b-945d-4f07-8608-efcfbcdb8476}.Release|ARM.ActiveCfg = Release|Any CPU
		{53ed2f4b-945d-4f07-8608-efcfbcdb8476}.Release|ARM.Build.0 = Release|Any CPU
		{53ed2f4b-945d-4f07-8608-efcfbcdb8476}.Release|ARM.Deploy.0 = Release|Any CPU
		{53ed2f4b-945d-4f07-8608-efcfbcdb8476}.Release|ARM64.ActiveCfg = Release|Any CPU
		{53ed2f4b-945d-4f07-8608-efcfbcdb8476}.Release|ARM64.Build.0 = Release|Any CPU
		{53ed2f4b-945d-4f07-8608-efcfbcdb8476}.Release|ARM64.Deploy.0 = Release|Any CPU
		{53ed2f4b-945d-4f07-8608-efcfbcdb8476}.Release|iPhone.ActiveCfg = Release|Any CPU
		{53ed2f4b-945d-4f07-8608-efcfbcdb8476}.Release|iPhone.Build.0 = Release|Any CPU
		{53ed2f4b-945d-4f07-8608-efcfbcdb8476}.Release|iPhone.Deploy.0 = Release|Any CPU
		{53ed2f4b-945d-4f07-8608-efcfbcdb8476}.Release|iPhoneSimulator.ActiveCfg = Release|Any CPU
		{53ed2f4b-945d-4f07-8608-efcfbcdb8476}.Release|iPhoneSimulator.Build.0 = Release|Any CPU
		{53ed2f4b-945d-4f07-8608-efcfbcdb8476}.Release|iPhoneSimulator.Deploy.0 = Release|Any CPU
		{53ed2f4b-945d-4f07-8608-efcfbcdb8476}.Release|x64.ActiveCfg = Release|Any CPU
		{53ed2f4b-945d-4f07-8608-efcfbcdb8476}.Release|x64.Build.0 = Release|Any CPU
		{53ed2f4b-945d-4f07-8608-efcfbcdb8476}.Release|x64.Deploy.0 = Release|Any CPU
		{53ed2f4b-945d-4f07-8608-efcfbcdb8476}.Release|x86.ActiveCfg = Release|Any CPU
		{53ed2f4b-945d-4f07-8608-efcfbcdb8476}.Release|x86.Build.0 = Release|Any CPU
		{53ed2f4b-945d-4f07-8608-efcfbcdb8476}.Release|x86.Deploy.0 = Release|Any CPU
		{ed00ff65-7e2b-4069-9ba6-535ea612de13}.Debug|Any CPU.ActiveCfg = Debug|iPhone
		{ed00ff65-7e2b-4069-9ba6-535ea612de13}.Debug|Any CPU.Build.0 = Debug|iPhone
		{ed00ff65-7e2b-4069-9ba6-535ea612de13}.Debug|Any CPU.Deploy.0 = Debug|iPhone
		{ed00ff65-7e2b-4069-9ba6-535ea612de13}.Debug|ARM.ActiveCfg = Debug|iPhone
		{ed00ff65-7e2b-4069-9ba6-535ea612de13}.Debug|ARM64.ActiveCfg = Debug|iPhone
		{ed00ff65-7e2b-4069-9ba6-535ea612de13}.Debug|iPhone.ActiveCfg = Debug|iPhone
		{ed00ff65-7e2b-4069-9ba6-535ea612de13}.Debug|iPhone.Build.0 = Debug|iPhone
		{ed00ff65-7e2b-4069-9ba6-535ea612de13}.Debug|iPhoneSimulator.ActiveCfg = Debug|iPhoneSimulator
		{ed00ff65-7e2b-4069-9ba6-535ea612de13}.Debug|iPhoneSimulator.Build.0 = Debug|iPhoneSimulator
		{ed00ff65-7e2b-4069-9ba6-535ea612de13}.Debug|x64.ActiveCfg = Debug|iPhone
		{ed00ff65-7e2b-4069-9ba6-535ea612de13}.Debug|x64.Build.0 = Debug|iPhone
		{ed00ff65-7e2b-4069-9ba6-535ea612de13}.Debug|x64.Deploy.0 = Debug|iPhone
		{ed00ff65-7e2b-4069-9ba6-535ea612de13}.Debug|x86.ActiveCfg = Debug|iPhoneSimulator
		{ed00ff65-7e2b-4069-9ba6-535ea612de13}.Debug|x86.Build.0 = Debug|iPhoneSimulator
		{ed00ff65-7e2b-4069-9ba6-535ea612de13}.Debug|x86.Deploy.0 = Debug|iPhoneSimulator
		{ed00ff65-7e2b-4069-9ba6-535ea612de13}.Release|Any CPU.ActiveCfg = Release|iPhone
		{ed00ff65-7e2b-4069-9ba6-535ea612de13}.Release|ARM.ActiveCfg = Release|iPhone
		{ed00ff65-7e2b-4069-9ba6-535ea612de13}.Release|ARM64.ActiveCfg = Release|iPhone
		{ed00ff65-7e2b-4069-9ba6-535ea612de13}.Release|iPhone.ActiveCfg = Release|iPhone
		{ed00ff65-7e2b-4069-9ba6-535ea612de13}.Release|iPhone.Build.0 = Release|iPhone
		{ed00ff65-7e2b-4069-9ba6-535ea612de13}.Release|iPhoneSimulator.ActiveCfg = Release|iPhoneSimulator
		{ed00ff65-7e2b-4069-9ba6-535ea612de13}.Release|iPhoneSimulator.Build.0 = Release|iPhoneSimulator
		{ed00ff65-7e2b-4069-9ba6-535ea612de13}.Release|x64.ActiveCfg = Release|iPhoneSimulator
		{ed00ff65-7e2b-4069-9ba6-535ea612de13}.Release|x64.Build.0 = Release|iPhoneSimulator
		{ed00ff65-7e2b-4069-9ba6-535ea612de13}.Release|x64.Deploy.0 = Release|iPhoneSimulator
		{ed00ff65-7e2b-4069-9ba6-535ea612de13}.Release|x86.ActiveCfg = Release|iPhoneSimulator
		{ed00ff65-7e2b-4069-9ba6-535ea612de13}.Release|x86.Build.0 = Release|iPhoneSimulator

		{e1c3020a-678a-4f10-8c63-e73c7c9b922b}.Debug|Any CPU.ActiveCfg = Debug|x86
		{e1c3020a-678a-4f10-8c63-e73c7c9b922b}.Debug|Any CPU.Build.0 = Debug|x86
		{e1c3020a-678a-4f10-8c63-e73c7c9b922b}.Debug|Any CPU.Deploy.0 = Debug|x86
		{e1c3020a-678a-4f10-8c63-e73c7c9b922b}.Debug|ARM.ActiveCfg = Debug|ARM
		{e1c3020a-678a-4f10-8c63-e73c7c9b922b}.Debug|ARM.Build.0 = Debug|ARM
		{e1c3020a-678a-4f10-8c63-e73c7c9b922b}.Debug|ARM.Deploy.0 = Debug|ARM
		{e1c3020a-678a-4f10-8c63-e73c7c9b922b}.Debug|ARM64.ActiveCfg = Debug|ARM64
		{e1c3020a-678a-4f10-8c63-e73c7c9b922b}.Debug|ARM64.Build.0 = Debug|ARM64
		{e1c3020a-678a-4f10-8c63-e73c7c9b922b}.Debug|ARM64.Deploy.0 = Debug|ARM64
		{e1c3020a-678a-4f10-8c63-e73c7c9b922b}.Debug|iPhone.ActiveCfg = Debug|x86
		{e1c3020a-678a-4f10-8c63-e73c7c9b922b}.Debug|iPhone.Build.0 = Debug|x86
		{e1c3020a-678a-4f10-8c63-e73c7c9b922b}.Debug|iPhone.Deploy.0 = Debug|x86
		{e1c3020a-678a-4f10-8c63-e73c7c9b922b}.Debug|iPhoneSimulator.ActiveCfg = Debug|x86
		{e1c3020a-678a-4f10-8c63-e73c7c9b922b}.Debug|iPhoneSimulator.Build.0 = Debug|x86
		{e1c3020a-678a-4f10-8c63-e73c7c9b922b}.Debug|iPhoneSimulator.Deploy.0 = Debug|x86
		{e1c3020a-678a-4f10-8c63-e73c7c9b922b}.Debug|x64.ActiveCfg = Debug|x64
		{e1c3020a-678a-4f10-8c63-e73c7c9b922b}.Debug|x64.Build.0 = Debug|x64
		{e1c3020a-678a-4f10-8c63-e73c7c9b922b}.Debug|x64.Deploy.0 = Debug|x64
		{e1c3020a-678a-4f10-8c63-e73c7c9b922b}.Debug|x86.ActiveCfg = Debug|x86
		{e1c3020a-678a-4f10-8c63-e73c7c9b922b}.Debug|x86.Build.0 = Debug|x86
		{e1c3020a-678a-4f10-8c63-e73c7c9b922b}.Debug|x86.Deploy.0 = Debug|x86
		{e1c3020a-678a-4f10-8c63-e73c7c9b922b}.Release|Any CPU.ActiveCfg = Release|x86
		{e1c3020a-678a-4f10-8c63-e73c7c9b922b}.Release|ARM.ActiveCfg = Release|ARM
		{e1c3020a-678a-4f10-8c63-e73c7c9b922b}.Release|ARM.Build.0 = Release|ARM
		{e1c3020a-678a-4f10-8c63-e73c7c9b922b}.Release|ARM.Deploy.0 = Release|ARM
		{e1c3020a-678a-4f10-8c63-e73c7c9b922b}.Release|ARM64.ActiveCfg = Release|ARM64
		{e1c3020a-678a-4f10-8c63-e73c7c9b922b}.Release|ARM64.Build.0 = Release|ARM64
		{e1c3020a-678a-4f10-8c63-e73c7c9b922b}.Release|ARM64.Deploy.0 = Release|ARM64
		{e1c3020a-678a-4f10-8c63-e73c7c9b922b}.Release|iPhone.ActiveCfg = Release|x86
		{e1c3020a-678a-4f10-8c63-e73c7c9b922b}.Release|iPhone.Build.0 = Release|x86
		{e1c3020a-678a-4f10-8c63-e73c7c9b922b}.Release|iPhoneSimulator.ActiveCfg = Release|x86
		{e1c3020a-678a-4f10-8c63-e73c7c9b922b}.Release|iPhoneSimulator.Build.0 = Release|x86
		{e1c3020a-678a-4f10-8c63-e73c7c9b922b}.Release|iPhoneSimulator.Deploy.0 = Release|x86
		{e1c3020a-678a-4f10-8c63-e73c7c9b922b}.Release|x64.ActiveCfg = Release|x64
		{e1c3020a-678a-4f10-8c63-e73c7c9b922b}.Release|x64.Build.0 = Release|x64
		{e1c3020a-678a-4f10-8c63-e73c7c9b922b}.Release|x64.Deploy.0 = Release|x64
		{e1c3020a-678a-4f10-8c63-e73c7c9b922b}.Release|x86.ActiveCfg = Release|x86
		{e1c3020a-678a-4f10-8c63-e73c7c9b922b}.Release|x86.Build.0 = Release|x86
		{e1c3020a-678a-4f10-8c63-e73c7c9b922b}.Release|x86.Deploy.0 = Release|x86

		{c6bc22cc-e6aa-4621-a0ad-46dda61c2a31}.Debug|Any CPU.ActiveCfg = Debug|Any CPU
		{c6bc22cc-e6aa-4621-a0ad-46dda61c2a31}.Debug|Any CPU.Build.0 = Debug|Any CPU
		{c6bc22cc-e6aa-4621-a0ad-46dda61c2a31}.Debug|Any CPU.Deploy.0 = Debug|Any CPU
		{c6bc22cc-e6aa-4621-a0ad-46dda61c2a31}.Debug|ARM.ActiveCfg = Debug|ARM
		{c6bc22cc-e6aa-4621-a0ad-46dda61c2a31}.Debug|ARM.Build.0 = Debug|ARM
		{c6bc22cc-e6aa-4621-a0ad-46dda61c2a31}.Debug|ARM.Deploy.0 = Debug|ARM
		{c6bc22cc-e6aa-4621-a0ad-46dda61c2a31}.Debug|ARM64.ActiveCfg = Debug|ARM64
		{c6bc22cc-e6aa-4621-a0ad-46dda61c2a31}.Debug|ARM64.Build.0 = Debug|ARM64
		{c6bc22cc-e6aa-4621-a0ad-46dda61c2a31}.Debug|ARM64.Deploy.0 = Debug|ARM64
		{c6bc22cc-e6aa-4621-a0ad-46dda61c2a31}.Debug|iPhone.ActiveCfg = Debug|x86
		{c6bc22cc-e6aa-4621-a0ad-46dda61c2a31}.Debug|iPhone.Build.0 = Debug|x86
		{c6bc22cc-e6aa-4621-a0ad-46dda61c2a31}.Debug|iPhone.Deploy.0 = Debug|x86
		{c6bc22cc-e6aa-4621-a0ad-46dda61c2a31}.Debug|iPhoneSimulator.ActiveCfg = Debug|x86
		{c6bc22cc-e6aa-4621-a0ad-46dda61c2a31}.Debug|iPhoneSimulator.Build.0 = Debug|x86
		{c6bc22cc-e6aa-4621-a0ad-46dda61c2a31}.Debug|iPhoneSimulator.Deploy.0 = Debug|x86
		{c6bc22cc-e6aa-4621-a0ad-46dda61c2a31}.Debug|x64.ActiveCfg = Debug|x64
		{c6bc22cc-e6aa-4621-a0ad-46dda61c2a31}.Debug|x64.Build.0 = Debug|x64
		{c6bc22cc-e6aa-4621-a0ad-46dda61c2a31}.Debug|x64.Deploy.0 = Debug|x64
		{c6bc22cc-e6aa-4621-a0ad-46dda61c2a31}.Debug|x86.ActiveCfg = Debug|x86
		{c6bc22cc-e6aa-4621-a0ad-46dda61c2a31}.Debug|x86.Build.0 = Debug|x86
		{c6bc22cc-e6aa-4621-a0ad-46dda61c2a31}.Debug|x86.Deploy.0 = Debug|x86
		{c6bc22cc-e6aa-4621-a0ad-46dda61c2a31}.Release|Any CPU.ActiveCfg = Release|x86
		{c6bc22cc-e6aa-4621-a0ad-46dda61c2a31}.Release|ARM.ActiveCfg = Release|ARM
		{c6bc22cc-e6aa-4621-a0ad-46dda61c2a31}.Release|ARM.Build.0 = Release|ARM
		{c6bc22cc-e6aa-4621-a0ad-46dda61c2a31}.Release|ARM.Deploy.0 = Release|ARM
		{c6bc22cc-e6aa-4621-a0ad-46dda61c2a31}.Release|ARM64.ActiveCfg = Release|ARM64
		{c6bc22cc-e6aa-4621-a0ad-46dda61c2a31}.Release|ARM64.Build.0 = Release|ARM64
		{c6bc22cc-e6aa-4621-a0ad-46dda61c2a31}.Release|ARM64.Deploy.0 = Release|ARM64
		{c6bc22cc-e6aa-4621-a0ad-46dda61c2a31}.Release|iPhone.ActiveCfg = Release|x86
		{c6bc22cc-e6aa-4621-a0ad-46dda61c2a31}.Release|iPhone.Build.0 = Release|x86
		{c6bc22cc-e6aa-4621-a0ad-46dda61c2a31}.Release|iPhoneSimulator.ActiveCfg = Release|x86
		{c6bc22cc-e6aa-4621-a0ad-46dda61c2a31}.Release|iPhoneSimulator.Build.0 = Release|x86
		{c6bc22cc-e6aa-4621-a0ad-46dda61c2a31}.Release|iPhoneSimulator.Deploy.0 = Release|x86
		{c6bc22cc-e6aa-4621-a0ad-46dda61c2a31}.Release|x64.ActiveCfg = Release|x64
		{c6bc22cc-e6aa-4621-a0ad-46dda61c2a31}.Release|x64.Build.0 = Release|x64
		{c6bc22cc-e6aa-4621-a0ad-46dda61c2a31}.Release|x64.Deploy.0 = Release|x64
		{c6bc22cc-e6aa-4621-a0ad-46dda61c2a31}.Release|x86.ActiveCfg = Release|x86
		{c6bc22cc-e6aa-4621-a0ad-46dda61c2a31}.Release|x86.Build.0 = Release|x86
		{c6bc22cc-e6aa-4621-a0ad-46dda61c2a31}.Release|x86.Deploy.0 = Release|x86

		{c6bc22cc-e6aa-4621-a0ad-46dda61c2a31}.Debug|Any CPU.ActiveCfg = Debug|Any CPU
		{c6bc22cc-e6aa-4621-a0ad-46dda61c2a31}.Debug|Any CPU.Build.0 = Debug|Any CPU
		{c6bc22cc-e6aa-4621-a0ad-46dda61c2a31}.Debug|ARM.ActiveCfg = Debug|Any CPU
		{c6bc22cc-e6aa-4621-a0ad-46dda61c2a31}.Debug|ARM.Build.0 = Debug|Any CPU
		{c6bc22cc-e6aa-4621-a0ad-46dda61c2a31}.Debug|ARM64.ActiveCfg = Debug|Any CPU
		{c6bc22cc-e6aa-4621-a0ad-46dda61c2a31}.Debug|ARM64.Build.0 = Debug|Any CPU
		{c6bc22cc-e6aa-4621-a0ad-46dda61c2a31}.Debug|iPhone.ActiveCfg = Debug|Any CPU
		{c6bc22cc-e6aa-4621-a0ad-46dda61c2a31}.Debug|iPhone.Build.0 = Debug|Any CPU
		{c6bc22cc-e6aa-4621-a0ad-46dda61c2a31}.Debug|iPhoneSimulator.ActiveCfg = Debug|Any CPU
		{c6bc22cc-e6aa-4621-a0ad-46dda61c2a31}.Debug|iPhoneSimulator.Build.0 = Debug|Any CPU
		{c6bc22cc-e6aa-4621-a0ad-46dda61c2a31}.Debug|x64.ActiveCfg = Debug|Any CPU
		{c6bc22cc-e6aa-4621-a0ad-46dda61c2a31}.Debug|x64.Build.0 = Debug|Any CPU
		{c6bc22cc-e6aa-4621-a0ad-46dda61c2a31}.Debug|x86.ActiveCfg = Debug|Any CPU
		{c6bc22cc-e6aa-4621-a0ad-46dda61c2a31}.Debug|x86.Build.0 = Debug|Any CPU
		{c6bc22cc-e6aa-4621-a0ad-46dda61c2a31}.Release|Any CPU.ActiveCfg = Release|Any CPU
		{c6bc22cc-e6aa-4621-a0ad-46dda61c2a31}.Release|Any CPU.Build.0 = Release|Any CPU
		{c6bc22cc-e6aa-4621-a0ad-46dda61c2a31}.Release|ARM.ActiveCfg = Release|Any CPU
		{c6bc22cc-e6aa-4621-a0ad-46dda61c2a31}.Release|ARM.Build.0 = Release|Any CPU
		{c6bc22cc-e6aa-4621-a0ad-46dda61c2a31}.Release|ARM64.ActiveCfg = Release|Any CPU
		{c6bc22cc-e6aa-4621-a0ad-46dda61c2a31}.Release|ARM64.Build.0 = Release|Any CPU
		{c6bc22cc-e6aa-4621-a0ad-46dda61c2a31}.Release|iPhone.ActiveCfg = Release|Any CPU
		{c6bc22cc-e6aa-4621-a0ad-46dda61c2a31}.Release|iPhone.Build.0 = Release|Any CPU
		{c6bc22cc-e6aa-4621-a0ad-46dda61c2a31}.Release|iPhoneSimulator.ActiveCfg = Release|Any CPU
		{c6bc22cc-e6aa-4621-a0ad-46dda61c2a31}.Release|iPhoneSimulator.Build.0 = Release|Any CPU
		{c6bc22cc-e6aa-4621-a0ad-46dda61c2a31}.Release|x64.ActiveCfg = Release|Any CPU
		{c6bc22cc-e6aa-4621-a0ad-46dda61c2a31}.Release|x64.Build.0 = Release|Any CPU
		{c6bc22cc-e6aa-4621-a0ad-46dda61c2a31}.Release|x86.ActiveCfg = Release|Any CPU
		{c6bc22cc-e6aa-4621-a0ad-46dda61c2a31}.Release|x86.Build.0 = Release|Any CPU

		{A5B8155A-118F-4794-B551-C6F3CF7E5411}.Debug|Any CPU.ActiveCfg = Debug|Any CPU
		{A5B8155A-118F-4794-B551-C6F3CF7E5411}.Debug|Any CPU.Build.0 = Debug|Any CPU
		{A5B8155A-118F-4794-B551-C6F3CF7E5411}.Debug|ARM.ActiveCfg = Debug|Any CPU
		{A5B8155A-118F-4794-B551-C6F3CF7E5411}.Debug|ARM.Build.0 = Debug|Any CPU
		{A5B8155A-118F-4794-B551-C6F3CF7E5411}.Debug|ARM64.ActiveCfg = Debug|Any CPU
		{A5B8155A-118F-4794-B551-C6F3CF7E5411}.Debug|ARM64.Build.0 = Debug|Any CPU
		{A5B8155A-118F-4794-B551-C6F3CF7E5411}.Debug|iPhone.ActiveCfg = Debug|Any CPU
		{A5B8155A-118F-4794-B551-C6F3CF7E5411}.Debug|iPhone.Build.0 = Debug|Any CPU
		{A5B8155A-118F-4794-B551-C6F3CF7E5411}.Debug|iPhoneSimulator.ActiveCfg = Debug|Any CPU
		{A5B8155A-118F-4794-B551-C6F3CF7E5411}.Debug|iPhoneSimulator.Build.0 = Debug|Any CPU
		{A5B8155A-118F-4794-B551-C6F3CF7E5411}.Debug|x64.ActiveCfg = Debug|Any CPU
		{A5B8155A-118F-4794-B551-C6F3CF7E5411}.Debug|x64.Build.0 = Debug|Any CPU
		{A5B8155A-118F-4794-B551-C6F3CF7E5411}.Debug|x86.ActiveCfg = Debug|Any CPU
		{A5B8155A-118F-4794-B551-C6F3CF7E5411}.Debug|x86.Build.0 = Debug|Any CPU
		{A5B8155A-118F-4794-B551-C6F3CF7E5411}.Release|Any CPU.ActiveCfg = Release|Any CPU
		{A5B8155A-118F-4794-B551-C6F3CF7E5411}.Release|Any CPU.Build.0 = Release|Any CPU
		{A5B8155A-118F-4794-B551-C6F3CF7E5411}.Release|ARM.ActiveCfg = Release|Any CPU
		{A5B8155A-118F-4794-B551-C6F3CF7E5411}.Release|ARM.Build.0 = Release|Any CPU
		{A5B8155A-118F-4794-B551-C6F3CF7E5411}.Release|ARM64.ActiveCfg = Release|Any CPU
		{A5B8155A-118F-4794-B551-C6F3CF7E5411}.Release|ARM64.Build.0 = Release|Any CPU
		{A5B8155A-118F-4794-B551-C6F3CF7E5411}.Release|iPhone.ActiveCfg = Release|Any CPU
		{A5B8155A-118F-4794-B551-C6F3CF7E5411}.Release|iPhone.Build.0 = Release|Any CPU
		{A5B8155A-118F-4794-B551-C6F3CF7E5411}.Release|iPhoneSimulator.ActiveCfg = Release|Any CPU
		{A5B8155A-118F-4794-B551-C6F3CF7E5411}.Release|iPhoneSimulator.Build.0 = Release|Any CPU
		{A5B8155A-118F-4794-B551-C6F3CF7E5411}.Release|x64.ActiveCfg = Release|Any CPU
		{A5B8155A-118F-4794-B551-C6F3CF7E5411}.Release|x64.Build.0 = Release|Any CPU
		{A5B8155A-118F-4794-B551-C6F3CF7E5411}.Release|x86.ActiveCfg = Release|Any CPU
		{A5B8155A-118F-4794-B551-C6F3CF7E5411}.Release|x86.Build.0 = Release|Any CPU

		{9AED22A6-77DC-4799-BAE7-5F26F2070BD2}.Debug|Any CPU.ActiveCfg = Debug|Any CPU
		{9AED22A6-77DC-4799-BAE7-5F26F2070BD2}.Debug|Any CPU.Build.0 = Debug|Any CPU
		{9AED22A6-77DC-4799-BAE7-5F26F2070BD2}.Debug|ARM.ActiveCfg = Debug|Any CPU
		{9AED22A6-77DC-4799-BAE7-5F26F2070BD2}.Debug|ARM.Build.0 = Debug|Any CPU
		{9AED22A6-77DC-4799-BAE7-5F26F2070BD2}.Debug|ARM64.ActiveCfg = Debug|Any CPU
		{9AED22A6-77DC-4799-BAE7-5F26F2070BD2}.Debug|ARM64.Build.0 = Debug|Any CPU
		{9AED22A6-77DC-4799-BAE7-5F26F2070BD2}.Debug|iPhone.ActiveCfg = Debug|Any CPU
		{9AED22A6-77DC-4799-BAE7-5F26F2070BD2}.Debug|iPhone.Build.0 = Debug|Any CPU
		{9AED22A6-77DC-4799-BAE7-5F26F2070BD2}.Debug|iPhoneSimulator.ActiveCfg = Debug|Any CPU
		{9AED22A6-77DC-4799-BAE7-5F26F2070BD2}.Debug|iPhoneSimulator.Build.0 = Debug|Any CPU
		{9AED22A6-77DC-4799-BAE7-5F26F2070BD2}.Debug|x64.ActiveCfg = Debug|Any CPU
		{9AED22A6-77DC-4799-BAE7-5F26F2070BD2}.Debug|x64.Build.0 = Debug|Any CPU
		{9AED22A6-77DC-4799-BAE7-5F26F2070BD2}.Debug|x86.ActiveCfg = Debug|Any CPU
		{9AED22A6-77DC-4799-BAE7-5F26F2070BD2}.Debug|x86.Build.0 = Debug|Any CPU
		{9AED22A6-77DC-4799-BAE7-5F26F2070BD2}.Release|Any CPU.ActiveCfg = Release|Any CPU
		{9AED22A6-77DC-4799-BAE7-5F26F2070BD2}.Release|Any CPU.Build.0 = Release|Any CPU
		{9AED22A6-77DC-4799-BAE7-5F26F2070BD2}.Release|ARM.ActiveCfg = Release|Any CPU
		{9AED22A6-77DC-4799-BAE7-5F26F2070BD2}.Release|ARM.Build.0 = Release|Any CPU
		{9AED22A6-77DC-4799-BAE7-5F26F2070BD2}.Release|ARM64.ActiveCfg = Release|Any CPU
		{9AED22A6-77DC-4799-BAE7-5F26F2070BD2}.Release|ARM64.Build.0 = Release|Any CPU
		{9AED22A6-77DC-4799-BAE7-5F26F2070BD2}.Release|iPhone.ActiveCfg = Release|Any CPU
		{9AED22A6-77DC-4799-BAE7-5F26F2070BD2}.Release|iPhone.Build.0 = Release|Any CPU
		{9AED22A6-77DC-4799-BAE7-5F26F2070BD2}.Release|iPhoneSimulator.ActiveCfg = Release|Any CPU
		{9AED22A6-77DC-4799-BAE7-5F26F2070BD2}.Release|iPhoneSimulator.Build.0 = Release|Any CPU
		{9AED22A6-77DC-4799-BAE7-5F26F2070BD2}.Release|x64.ActiveCfg = Release|Any CPU
		{9AED22A6-77DC-4799-BAE7-5F26F2070BD2}.Release|x64.Build.0 = Release|Any CPU
		{9AED22A6-77DC-4799-BAE7-5F26F2070BD2}.Release|x86.ActiveCfg = Release|Any CPU
		{9AED22A6-77DC-4799-BAE7-5F26F2070BD2}.Release|x86.Build.0 = Release|Any CPU

		{6CF284A4-22B1-4F05-97F4-F095C07A598E}.Debug|Any CPU.ActiveCfg = Debug|Any CPU
		{6CF284A4-22B1-4F05-97F4-F095C07A598E}.Debug|Any CPU.Build.0 = Debug|Any CPU
		{6CF284A4-22B1-4F05-97F4-F095C07A598E}.Debug|ARM.ActiveCfg = Debug|Any CPU
		{6CF284A4-22B1-4F05-97F4-F095C07A598E}.Debug|ARM.Build.0 = Debug|Any CPU
		{6CF284A4-22B1-4F05-97F4-F095C07A598E}.Debug|ARM64.ActiveCfg = Debug|Any CPU
		{6CF284A4-22B1-4F05-97F4-F095C07A598E}.Debug|ARM64.Build.0 = Debug|Any CPU
		{6CF284A4-22B1-4F05-97F4-F095C07A598E}.Debug|iPhone.ActiveCfg = Debug|Any CPU
		{6CF284A4-22B1-4F05-97F4-F095C07A598E}.Debug|iPhone.Build.0 = Debug|Any CPU
		{6CF284A4-22B1-4F05-97F4-F095C07A598E}.Debug|iPhoneSimulator.ActiveCfg = Debug|Any CPU
		{6CF284A4-22B1-4F05-97F4-F095C07A598E}.Debug|iPhoneSimulator.Build.0 = Debug|Any CPU
		{6CF284A4-22B1-4F05-97F4-F095C07A598E}.Debug|x64.ActiveCfg = Debug|Any CPU
		{6CF284A4-22B1-4F05-97F4-F095C07A598E}.Debug|x64.Build.0 = Debug|Any CPU
		{6CF284A4-22B1-4F05-97F4-F095C07A598E}.Debug|x86.ActiveCfg = Debug|Any CPU
		{6CF284A4-22B1-4F05-97F4-F095C07A598E}.Debug|x86.Build.0 = Debug|Any CPU
		{6CF284A4-22B1-4F05-97F4-F095C07A598E}.Release|Any CPU.ActiveCfg = Release|Any CPU
		{6CF284A4-22B1-4F05-97F4-F095C07A598E}.Release|Any CPU.Build.0 = Release|Any CPU
		{6CF284A4-22B1-4F05-97F4-F095C07A598E}.Release|ARM.ActiveCfg = Release|Any CPU
		{6CF284A4-22B1-4F05-97F4-F095C07A598E}.Release|ARM.Build.0 = Release|Any CPU
		{6CF284A4-22B1-4F05-97F4-F095C07A598E}.Release|ARM64.ActiveCfg = Release|Any CPU
		{6CF284A4-22B1-4F05-97F4-F095C07A598E}.Release|ARM64.Build.0 = Release|Any CPU
		{6CF284A4-22B1-4F05-97F4-F095C07A598E}.Release|iPhone.ActiveCfg = Release|Any CPU
		{6CF284A4-22B1-4F05-97F4-F095C07A598E}.Release|iPhone.Build.0 = Release|Any CPU
		{6CF284A4-22B1-4F05-97F4-F095C07A598E}.Release|iPhoneSimulator.ActiveCfg = Release|Any CPU
		{6CF284A4-22B1-4F05-97F4-F095C07A598E}.Release|iPhoneSimulator.Build.0 = Release|Any CPU
		{6CF284A4-22B1-4F05-97F4-F095C07A598E}.Release|x64.ActiveCfg = Release|Any CPU
		{6CF284A4-22B1-4F05-97F4-F095C07A598E}.Release|x64.Build.0 = Release|Any CPU
		{6CF284A4-22B1-4F05-97F4-F095C07A598E}.Release|x86.ActiveCfg = Release|Any CPU
		{6CF284A4-22B1-4F05-97F4-F095C07A598E}.Release|x86.Build.0 = Release|Any CPU

		{40EA03F7-8A22-4143-B251-79BAC3EB13D2}.Debug|Any CPU.ActiveCfg = Debug|Any CPU
		{40EA03F7-8A22-4143-B251-79BAC3EB13D2}.Debug|Any CPU.Build.0 = Debug|Any CPU
		{40EA03F7-8A22-4143-B251-79BAC3EB13D2}.Debug|ARM.ActiveCfg = Debug|Any CPU
		{40EA03F7-8A22-4143-B251-79BAC3EB13D2}.Debug|ARM.Build.0 = Debug|Any CPU
		{40EA03F7-8A22-4143-B251-79BAC3EB13D2}.Debug|ARM64.ActiveCfg = Debug|Any CPU
		{40EA03F7-8A22-4143-B251-79BAC3EB13D2}.Debug|ARM64.Build.0 = Debug|Any CPU
		{40EA03F7-8A22-4143-B251-79BAC3EB13D2}.Debug|iPhone.ActiveCfg = Debug|Any CPU
		{40EA03F7-8A22-4143-B251-79BAC3EB13D2}.Debug|iPhone.Build.0 = Debug|Any CPU
		{40EA03F7-8A22-4143-B251-79BAC3EB13D2}.Debug|iPhoneSimulator.ActiveCfg = Debug|Any CPU
		{40EA03F7-8A22-4143-B251-79BAC3EB13D2}.Debug|iPhoneSimulator.Build.0 = Debug|Any CPU
		{40EA03F7-8A22-4143-B251-79BAC3EB13D2}.Debug|x64.ActiveCfg = Debug|Any CPU
		{40EA03F7-8A22-4143-B251-79BAC3EB13D2}.Debug|x64.Build.0 = Debug|Any CPU
		{40EA03F7-8A22-4143-B251-79BAC3EB13D2}.Debug|x86.ActiveCfg = Debug|Any CPU
		{40EA03F7-8A22-4143-B251-79BAC3EB13D2}.Debug|x86.Build.0 = Debug|Any CPU
		{40EA03F7-8A22-4143-B251-79BAC3EB13D2}.Release|Any CPU.ActiveCfg = Release|Any CPU
		{40EA03F7-8A22-4143-B251-79BAC3EB13D2}.Release|Any CPU.Build.0 = Release|Any CPU
		{40EA03F7-8A22-4143-B251-79BAC3EB13D2}.Release|ARM.ActiveCfg = Release|Any CPU
		{40EA03F7-8A22-4143-B251-79BAC3EB13D2}.Release|ARM.Build.0 = Release|Any CPU
		{40EA03F7-8A22-4143-B251-79BAC3EB13D2}.Release|ARM64.ActiveCfg = Release|Any CPU
		{40EA03F7-8A22-4143-B251-79BAC3EB13D2}.Release|ARM64.Build.0 = Release|Any CPU
		{40EA03F7-8A22-4143-B251-79BAC3EB13D2}.Release|iPhone.ActiveCfg = Release|Any CPU
		{40EA03F7-8A22-4143-B251-79BAC3EB13D2}.Release|iPhone.Build.0 = Release|Any CPU
		{40EA03F7-8A22-4143-B251-79BAC3EB13D2}.Release|iPhoneSimulator.ActiveCfg = Release|Any CPU
		{40EA03F7-8A22-4143-B251-79BAC3EB13D2}.Release|iPhoneSimulator.Build.0 = Release|Any CPU
		{40EA03F7-8A22-4143-B251-79BAC3EB13D2}.Release|x64.ActiveCfg = Release|Any CPU
		{40EA03F7-8A22-4143-B251-79BAC3EB13D2}.Release|x64.Build.0 = Release|Any CPU
		{40EA03F7-8A22-4143-B251-79BAC3EB13D2}.Release|x86.ActiveCfg = Release|Any CPU
		{40EA03F7-8A22-4143-B251-79BAC3EB13D2}.Release|x86.Build.0 = Release|Any CPU
		{21b3c201-e113-4db0-a236-4110e8ee3ed4}.Debug|Any CPU.ActiveCfg = Debug|iPhoneSimulator
		{21b3c201-e113-4db0-a236-4110e8ee3ed4}.Debug|Any CPU.Build.0 = Debug|iPhoneSimulator
		{21b3c201-e113-4db0-a236-4110e8ee3ed4}.Debug|ARM.ActiveCfg = Debug|iPhoneSimulator
		{21b3c201-e113-4db0-a236-4110e8ee3ed4}.Debug|ARM64.ActiveCfg = Debug|iPhoneSimulator
		{21b3c201-e113-4db0-a236-4110e8ee3ed4}.Debug|iPhone.ActiveCfg = Debug|iPhoneSimulator
		{21b3c201-e113-4db0-a236-4110e8ee3ed4}.Debug|iPhone.Build.0 = Debug|iPhoneSimulator
		{21b3c201-e113-4db0-a236-4110e8ee3ed4}.Debug|iPhoneSimulator.ActiveCfg = Debug|iPhoneSimulator
		{21b3c201-e113-4db0-a236-4110e8ee3ed4}.Debug|iPhoneSimulator.Build.0 = Debug|iPhoneSimulator
		{21b3c201-e113-4db0-a236-4110e8ee3ed4}.Debug|x64.ActiveCfg = Debug|iPhoneSimulator
		{21b3c201-e113-4db0-a236-4110e8ee3ed4}.Debug|x64.Build.0 = Debug|iPhoneSimulator
		{21b3c201-e113-4db0-a236-4110e8ee3ed4}.Debug|x86.ActiveCfg = Debug|iPhoneSimulator
		{21b3c201-e113-4db0-a236-4110e8ee3ed4}.Debug|x86.Build.0 = Debug|iPhoneSimulator
		{21b3c201-e113-4db0-a236-4110e8ee3ed4}.Release|Any CPU.ActiveCfg = Release|iPhoneSimulator
		{21b3c201-e113-4db0-a236-4110e8ee3ed4}.Release|ARM.ActiveCfg = Release|iPhoneSimulator
		{21b3c201-e113-4db0-a236-4110e8ee3ed4}.Release|ARM64.ActiveCfg = Release|iPhoneSimulator
		{21b3c201-e113-4db0-a236-4110e8ee3ed4}.Release|iPhone.ActiveCfg = Release|iPhoneSimulator
		{21b3c201-e113-4db0-a236-4110e8ee3ed4}.Release|iPhone.Build.0 = Release|iPhoneSimulator
		{21b3c201-e113-4db0-a236-4110e8ee3ed4}.Release|iPhoneSimulator.ActiveCfg = Release|iPhoneSimulator
		{21b3c201-e113-4db0-a236-4110e8ee3ed4}.Release|iPhoneSimulator.Build.0 = Release|iPhoneSimulator
		{21b3c201-e113-4db0-a236-4110e8ee3ed4}.Release|x64.ActiveCfg = Release|iPhoneSimulator
		{21b3c201-e113-4db0-a236-4110e8ee3ed4}.Release|x64.Build.0 = Release|iPhoneSimulator
		{21b3c201-e113-4db0-a236-4110e8ee3ed4}.Release|x86.ActiveCfg = Release|iPhoneSimulator
		{21b3c201-e113-4db0-a236-4110e8ee3ed4}.Release|x86.Build.0 = Release|iPhoneSimulator
	EndGlobalSection
	GlobalSection(SolutionProperties) = preSolution
		HideSolutionNode = FALSE
	EndGlobalSection
	GlobalSection(ExtensibilityGlobals) = postSolution
		SolutionGuid = {C7433AE2-B1A0-4C1A-887E-5CAA7AAF67A6}
	EndGlobalSection
EndGlobal
